
Microsoft Visual Studio Solution File, Format Version 12.00
# Visual Studio Version 16
VisualStudioVersion = 16.0.810.0
MinimumVisualStudioVersion = 10.0.40219.1
Project("{FAE04EC0-301F-11D3-BF4B-00C04F79EFBC}") = "QuizMaker", "QuizMaker.csproj", "{B3981EE9-9E55-4A98-95CB-CA11FE96D42E}"
EndProject
Global
	GlobalSection(SolutionConfigurationPlatforms) = preSolution
		Debug|anycpu = Debug|anycpu
		Release|anycpu = Release|anycpu
	EndGlobalSection
	GlobalSection(ProjectConfigurationPlatforms) = postSolution
		{B3981EE9-9E55-4A98-95CB-CA11FE96D42E}.Debug|anycpu.ActiveCfg = Debug|anycpu
		{B3981EE9-9E55-4A98-95CB-CA11FE96D42E}.Debug|anycpu.Build.0 = Debug|anycpu
		{B3981EE9-9E55-4A98-95CB-CA11FE96D42E}.Release|anycpu.ActiveCfg = Release|anycpu
		{B3981EE9-9E55-4A98-95CB-CA11FE96D42E}.Release|anycpu.Build.0 = Release|anycpu
	EndGlobalSection
	GlobalSection(SolutionProperties) = preSolution
		HideSolutionNode = FALSE
	EndGlobalSection
	GlobalSection(ExtensibilityGlobals) = postSolution
		SolutionGuid = {DFFF8921-0EFF-4784-A0A6-645A9E57D7B2}
	EndGlobalSection
EndGlobal
